{
  "name": "individual-lessons",
  "version": "1.0.0",
  "lockfileVersion": 2,
  "requires": true,
  "packages": {
    "": {
      "name": "individual-lessons",
      "version": "1.0.0",
      "license": "ISC",
      "dependencies": {
        "lazysizes": "^5.3.2",
        "lodash": "^4.17.21",
        "simplelightbox": "^2.14.2"
      }
    },
    "node_modules/lazysizes": {
      "version": "5.3.2",
      "resolved": "https://registry.npmjs.org/lazysizes/-/lazysizes-5.3.2.tgz",
      "integrity": "sha512-22UzWP+Vedi/sMeOr8O7FWimRVtiNJV2HCa+V8+peZOw6QbswN9k58VUhd7i6iK5bw5QkYrF01LJbeJe0PV8jg=="
    },
    "node_modules/lodash": {
      "version": "4.17.21",
      "resolved": "https://registry.npmjs.org/lodash/-/lodash-4.17.21.tgz",
      "integrity": "sha512-v2kDEe57lecTulaDIuNTPy3Ry4gLGJ6Z1O3vE1krgXZNrsQ+LFTGHVxVjcXPs17LhbZVGedAJv8XZ1tvj5FvSg=="
    },
    "node_modules/simplelightbox": {
      "version": "2.14.2",
      "resolved": "https://registry.npmjs.org/simplelightbox/-/simplelightbox-2.14.2.tgz",
      "integrity": "sha512-6Pm85SEs4sseY/Jf7AeXs8hbxQFv3CV2dXWF+8aZ2T4Rtl//WfVIGWkLTCUZX5hO8kIgHvf//xOjBwmZfx9hjA=="
    }
  },
  "dependencies": {
    "lazysizes": {
      "version": "5.3.2",
      "resolved": "https://registry.npmjs.org/lazysizes/-/lazysizes-5.3.2.tgz",
      "integrity": "sha512-22UzWP+Vedi/sMeOr8O7FWimRVtiNJV2HCa+V8+peZOw6QbswN9k58VUhd7i6iK5bw5QkYrF01LJbeJe0PV8jg=="
    },
    "lodash": {
      "version": "4.17.21",
      "resolved": "https://registry.npmjs.org/lodash/-/lodash-4.17.21.tgz",
      "integrity": "sha512-v2kDEe57lecTulaDIuNTPy3Ry4gLGJ6Z1O3vE1krgXZNrsQ+LFTGHVxVjcXPs17LhbZVGedAJv8XZ1tvj5FvSg=="
    },
    "simplelightbox": {
      "version": "2.14.2",
      "resolved": "https://registry.npmjs.org/simplelightbox/-/simplelightbox-2.14.2.tgz",
      "integrity": "sha512-6Pm85SEs4sseY/Jf7AeXs8hbxQFv3CV2dXWF+8aZ2T4Rtl//WfVIGWkLTCUZX5hO8kIgHvf//xOjBwmZfx9hjA=="
    }
  }
}
